
Microsoft Visual Studio Solution File, Format Version 12.00
# Visual Studio Version 16
VisualStudioVersion = 16.0.31424.327
MinimumVisualStudioVersion = 10.0.40219.1
Project("{FAE04EC0-301F-11D3-BF4B-00C04F79EFBC}") = "Inheritance", "Inheritance\Inheritance.csproj", "{694F5E48-56EF-4A68-BCBB-07C0AFD2DEE5}"
EndProject
Global
	GlobalSection(SolutionConfigurationPlatforms) = preSolution
		Debug|Any CPU = Debug|Any CPU
		Release|Any CPU = Release|Any CPU
	EndGlobalSection
	GlobalSection(ProjectConfigurationPlatforms) = postSolution
		{694F5E48-56EF-4A68-BCBB-07C0AFD2DEE5}.Debug|Any CPU.ActiveCfg = Debug|Any CPU
		{694F5E48-56EF-4A68-BCBB-07C0AFD2DEE5}.Debug|Any CPU.Build.0 = Debug|Any CPU
		{694F5E48-56EF-4A68-BCBB-07C0AFD2DEE5}.Release|Any CPU.ActiveCfg = Release|Any CPU
		{694F5E48-56EF-4A68-BCBB-07C0AFD2DEE5}.Release|Any CPU.Build.0 = Release|Any CPU
	EndGlobalSection
	GlobalSection(SolutionProperties) = preSolution
		HideSolutionNode = FALSE
	EndGlobalSection
	GlobalSection(ExtensibilityGlobals) = postSolution
		SolutionGuid = {B8068506-DB17-4818-82BC-D0B0FC231D17}
	EndGlobalSection
EndGlobal
