
Microsoft Visual Studio Solution File, Format Version 12.00
# Visual Studio Version 16
VisualStudioVersion = 16.0.31424.327
MinimumVisualStudioVersion = 10.0.40219.1
Project("{FAE04EC0-301F-11D3-BF4B-00C04F79EFBC}") = "FinalApplication", "FinalApplication\FinalApplication.csproj", "{91EBD183-35BF-4E44-A42F-838D71F82471}"
EndProject
Global
	GlobalSection(SolutionConfigurationPlatforms) = preSolution
		Debug|Any CPU = Debug|Any CPU
		Release|Any CPU = Release|Any CPU
	EndGlobalSection
	GlobalSection(ProjectConfigurationPlatforms) = postSolution
		{91EBD183-35BF-4E44-A42F-838D71F82471}.Debug|Any CPU.ActiveCfg = Debug|Any CPU
		{91EBD183-35BF-4E44-A42F-838D71F82471}.Debug|Any CPU.Build.0 = Debug|Any CPU
		{91EBD183-35BF-4E44-A42F-838D71F82471}.Release|Any CPU.ActiveCfg = Release|Any CPU
		{91EBD183-35BF-4E44-A42F-838D71F82471}.Release|Any CPU.Build.0 = Release|Any CPU
	EndGlobalSection
	GlobalSection(SolutionProperties) = preSolution
		HideSolutionNode = FALSE
	EndGlobalSection
	GlobalSection(ExtensibilityGlobals) = postSolution
		SolutionGuid = {29A413C4-7BB5-4FA3-B482-F3E77FD1E9A8}
	EndGlobalSection
EndGlobal
